// !$*UTF8*$!
{
	archiveVersion = 1;
	classes = {
	};
	objectVersion = 48;
	objects = {

/* Begin PBXBuildFile section */
		9BCD121D481B695FA25BD174 /* Pods_mingshang.framework in Frameworks */ = {isa = PBXBuildFile; fileRef = FD45CAD77CAFC7C006B1B089 /* Pods_mingshang.framework */; };
		A6C728BF2004A953008CB860 /* AppDelegate.swift in Sources */ = {isa = PBXBuildFile; fileRef = A6C728BE2004A953008CB860 /* AppDelegate.swift */; };
		A6C728C12004A953008CB860 /* ViewController.swift in Sources */ = {isa = PBXBuildFile; fileRef = A6C728C02004A953008CB860 /* ViewController.swift */; };
		A6C728C42004A953008CB860 /* Main.storyboard in Resources */ = {isa = PBXBuildFile; fileRef = A6C728C22004A953008CB860 /* Main.storyboard */; };
		A6C728C62004A953008CB860 /* Assets.xcassets in Resources */ = {isa = PBXBuildFile; fileRef = A6C728C52004A953008CB860 /* Assets.xcassets */; };
		A6C728C92004A953008CB860 /* LaunchScreen.storyboard in Resources */ = {isa = PBXBuildFile; fileRef = A6C728C72004A953008CB860 /* LaunchScreen.storyboard */; };
		A6C728DB2004BCD7008CB860 /* TestViewController.m in Sources */ = {isa = PBXBuildFile; fileRef = A6C728DA2004BCD7008CB860 /* TestViewController.m */; };
/* End PBXBuildFile section */

/* Begin PBXFileReference section */
		A6C728BB2004A953008CB860 /* mingshang.app */ = {isa = PBXFileReference; explicitFileType = wrapper.application; includeInIndex = 0; path = mingshang.app; sourceTree = BUILT_PRODUCTS_DIR; };
		A6C728BE2004A953008CB860 /* AppDelegate.swift */ = {isa = PBXFileReference; lastKnownFileType = sourcecode.swift; path = AppDelegate.swift; sourceTree = "<group>"; };
		A6C728C02004A953008CB860 /* ViewController.swift */ = {isa = PBXFileReference; lastKnownFileType = sourcecode.swift; path = ViewController.swift; sourceTree = "<group>"; };
		A6C728C32004A953008CB860 /* Base */ = {isa = PBXFileReference; lastKnownFileType = file.storyboard; name = Base; path = Base.lproj/Main.storyboard; sourceTree = "<group>"; };
		A6C728C52004A953008CB860 /* Assets.xcassets */ = {isa = PBXFileReference; lastKnownFileType = folder.assetcatalog; path = Assets.xcassets; sourceTree = "<group>"; };
		A6C728C82004A953008CB860 /* Base */ = {isa = PBXFileReference; lastKnownFileType = file.storyboard; name = Base; path = Base.lproj/LaunchScreen.storyboard; sourceTree = "<group>"; };
		A6C728CA2004A953008CB860 /* Info.plist */ = {isa = PBXFileReference; lastKnownFileType = text.plist.xml; path = Info.plist; sourceTree = "<group>"; };
		A6C728D82004BCD7008CB860 /* mingshang-Bridging-Header.h */ = {isa = PBXFileReference; lastKnownFileType = sourcecode.c.h; path = "mingshang-Bridging-Header.h"; sourceTree = "<group>"; };
		A6C728D92004BCD7008CB860 /* TestViewController.h */ = {isa = PBXFileReference; lastKnownFileType = sourcecode.c.h; path = TestViewController.h; sourceTree = "<group>"; };
		A6C728DA2004BCD7008CB860 /* TestViewController.m */ = {isa = PBXFileReference; lastKnownFileType = sourcecode.c.objc; path = TestViewController.m; sourceTree = "<group>"; };
		D53E3B045536E48C809CF0B2 /* Pods-mingshang.release.xcconfig */ = {isa = PBXFileReference; includeInIndex = 1; lastKnownFileType = text.xcconfig; name = "Pods-mingshang.release.xcconfig"; path = "Pods/Target Support Files/Pods-mingshang/Pods-mingshang.release.xcconfig"; sourceTree = "<group>"; };
		F4D60F1B92F4270EE9C02819 /* Pods-mingshang.debug.xcconfig */ = {isa = PBXFileReference; includeInIndex = 1; lastKnownFileType = text.xcconfig; name = "Pods-mingshang.debug.xcconfig"; path = "Pods/Target Support Files/Pods-mingshang/Pods-mingshang.debug.xcconfig"; sourceTree = "<group>"; };
		FD45CAD77CAFC7C006B1B089 /* Pods_mingshang.framework */ = {isa = PBXFileReference; explicitFileType = wrapper.framework; includeInIndex = 0; path = Pods_mingshang.framework; sourceTree = BUILT_PRODUCTS_DIR; };
/* End PBXFileReference section */

/* Begin PBXFrameworksBuildPhase section */
		A6C728B82004A953008CB860 /* Frameworks */ = {
			isa = PBXFrameworksBuildPhase;
			buildActionMask = 2147483647;
			files = (
				9BCD121D481B695FA25BD174 /* Pods_mingshang.framework in Frameworks */,
			);
			runOnlyForDeploymentPostprocessing = 0;
		};
/* End PBXFrameworksBuildPhase section */

/* Begin PBXGroup section */
		04148C2B389E5AF6A8D6A04B /* Pods */ = {
			isa = PBXGroup;
			children = (
				F4D60F1B92F4270EE9C02819 /* Pods-mingshang.debug.xcconfig */,
				D53E3B045536E48C809CF0B2 /* Pods-mingshang.release.xcconfig */,
			);
			name = Pods;
			sourceTree = "<group>";
		};
		8A647A2B58C89D661C71B0A1 /* Frameworks */ = {
			isa = PBXGroup;
			children = (
				FD45CAD77CAFC7C006B1B089 /* Pods_mingshang.framework */,
			);
			name = Frameworks;
			sourceTree = "<group>";
		};
		A6C728B22004A953008CB860 = {
			isa = PBXGroup;
			children = (
				A6C728BD2004A953008CB860 /* mingshang */,
				A6C728BC2004A953008CB860 /* Products */,
				04148C2B389E5AF6A8D6A04B /* Pods */,
				8A647A2B58C89D661C71B0A1 /* Frameworks */,
			);
			sourceTree = "<group>";
		};
		A6C728BC2004A953008CB860 /* Products */ = {
			isa = PBXGroup;
			children = (
				A6C728BB2004A953008CB860 /* mingshang.app */,
			);
			name = Products;
			sourceTree = "<group>";
		};
		A6C728BD2004A953008CB860 /* mingshang */ = {
			isa = PBXGroup;
			children = (
				A6C728BE2004A953008CB860 /* AppDelegate.swift */,
				A6C728C02004A953008CB860 /* ViewController.swift */,
				A6C728D92004BCD7008CB860 /* TestViewController.h */,
				A6C728DA2004BCD7008CB860 /* TestViewController.m */,
				A6C728C22004A953008CB860 /* Main.storyboard */,
				A6C728C52004A953008CB860 /* Assets.xcassets */,
				A6C728C72004A953008CB860 /* LaunchScreen.storyboard */,
				A6C728CA2004A953008CB860 /* Info.plist */,
				A6C728D82004BCD7008CB860 /* mingshang-Bridging-Header.h */,
			);
			path = mingshang;
			sourceTree = "<group>";
		};
/* End PBXGroup section */

/* Begin PBXNativeTarget section */
		A6C728BA2004A953008CB860 /* mingshang */ = {
			isa = PBXNativeTarget;
			buildConfigurationList = A6C728CD2004A953008CB860 /* Build configuration list for PBXNativeTarget "mingshang" */;
			buildPhases = (
				CA1BCBF3122736028C36072F /* [CP] Check Pods Manifest.lock */,
				A6C728B72004A953008CB860 /* Sources */,
				A6C728B82004A953008CB860 /* Frameworks */,
				A6C728B92004A953008CB860 /* Resources */,
				AF7FD11093114FE0954A1280 /* [CP] Embed Pods Frameworks */,
				3BBE4D76B1C045D2F9B89B4A /* [CP] Copy Pods Resources */,
			);
			buildRules = (
			);
			dependencies = (
			);
			name = mingshang;
			productName = mingshang;
			productReference = A6C728BB2004A953008CB860 /* mingshang.app */;
			productType = "com.apple.product-type.application";
		};
/* End PBXNativeTarget section */

/* Begin PBXProject section */
		A6C728B32004A953008CB860 /* Project object */ = {
			isa = PBXProject;
			attributes = {
				LastSwiftUpdateCheck = 0920;
				LastUpgradeCheck = 0920;
				ORGANIZATIONNAME = mingshang;
				TargetAttributes = {
					A6C728BA2004A953008CB860 = {
						CreatedOnToolsVersion = 9.2;
						LastSwiftMigration = 0920;
						ProvisioningStyle = Automatic;
					};
				};
			};
			buildConfigurationList = A6C728B62004A953008CB860 /* Build configuration list for PBXProject "mingshang" */;
			compatibilityVersion = "Xcode 8.0";
			developmentRegion = en;
			hasScannedForEncodings = 0;
			knownRegions = (
				en,
				Base,
			);
			mainGroup = A6C728B22004A953008CB860;
			productRefGroup = A6C728BC2004A953008CB860 /* Products */;
			projectDirPath = "";
			projectRoot = "";
			targets = (
				A6C728BA2004A953008CB860 /* mingshang */,
			);
		};
/* End PBXProject section */

/* Begin PBXResourcesBuildPhase section */
		A6C728B92004A953008CB860 /* Resources */ = {
			isa = PBXResourcesBuildPhase;
			buildActionMask = 2147483647;
			files = (
				A6C728C92004A953008CB860 /* LaunchScreen.storyboard in Resources */,
				A6C728C62004A953008CB860 /* Assets.xcassets in Resources */,
				A6C728C42004A953008CB860 /* Main.storyboard in Resources */,
			);
			runOnlyForDeploymentPostprocessing = 0;
		};
/* End PBXResourcesBuildPhase section */

/* Begin PBXShellScriptBuildPhase section */
		3BBE4D76B1C045D2F9B89B4A /* [CP] Copy Pods Resources */ = {
			isa = PBXShellScriptBuildPhase;
			buildActionMask = 2147483647;
			files = (
			);
			inputPaths = (
			);
			name = "[CP] Copy Pods Resources";
			outputPaths = (
			);
			runOnlyForDeploymentPostprocessing = 0;
			shellPath = /bin/sh;
			shellScript = "\"${SRCROOT}/Pods/Target Support Files/Pods-mingshang/Pods-mingshang-resources.sh\"\n";
			showEnvVarsInLog = 0;
		};
		AF7FD11093114FE0954A1280 /* [CP] Embed Pods Frameworks */ = {
			isa = PBXShellScriptBuildPhase;
			buildActionMask = 2147483647;
			files = (
			);
			inputPaths = (
				"${SRCROOT}/Pods/Target Support Files/Pods-mingshang/Pods-mingshang-frameworks.sh",
				"${BUILT_PRODUCTS_DIR}/CTMediator/CTMediator.framework",
				"${BUILT_PRODUCTS_DIR}/hotel/hotel.framework",
				"${BUILT_PRODUCTS_DIR}/hotel_category/hotel_category.framework",
				"${BUILT_PRODUCTS_DIR}/my/my.framework",
				"${BUILT_PRODUCTS_DIR}/my_category/my_category.framework",
			);
			name = "[CP] Embed Pods Frameworks";
			outputPaths = (
				"${TARGET_BUILD_DIR}/${FRAMEWORKS_FOLDER_PATH}/CTMediator.framework",
				"${TARGET_BUILD_DIR}/${FRAMEWORKS_FOLDER_PATH}/hotel.framework",
				"${TARGET_BUILD_DIR}/${FRAMEWORKS_FOLDER_PATH}/hotel_category.framework",
				"${TARGET_BUILD_DIR}/${FRAMEWORKS_FOLDER_PATH}/my.framework",
				"${TARGET_BUILD_DIR}/${FRAMEWORKS_FOLDER_PATH}/my_category.framework",
			);
			runOnlyForDeploymentPostprocessing = 0;
			shellPath = /bin/sh;
			shellScript = "\"${SRCROOT}/Pods/Target Support Files/Pods-mingshang/Pods-mingshang-frameworks.sh\"\n";
			showEnvVarsInLog = 0;
		};
		CA1BCBF3122736028C36072F /* [CP] Check Pods Manifest.lock */ = {
			isa = PBXShellScriptBuildPhase;
			buildActionMask = 2147483647;
			files = (
			);
			inputPaths = (
				"${PODS_PODFILE_DIR_PATH}/Podfile.lock",
				"${PODS_ROOT}/Manifest.lock",
			);
			name = "[CP] Check Pods Manifest.lock";
			outputPaths = (
				"$(DERIVED_FILE_DIR)/Pods-mingshang-checkManifestLockResult.txt",
			);
			runOnlyForDeploymentPostprocessing = 0;
			shellPath = /bin/sh;
			shellScript = "diff \"${PODS_PODFILE_DIR_PATH}/Podfile.lock\" \"${PODS_ROOT}/Manifest.lock\" > /dev/null\nif [ $? != 0 ] ; then\n    # print error to STDERR\n    echo \"error: The sandbox is not in sync with the Podfile.lock. Run 'pod install' or update your CocoaPods installation.\" >&2\n    exit 1\nfi\n# This output is used by Xcode 'outputs' to avoid re-running this script phase.\necho \"SUCCESS\" > \"${SCRIPT_OUTPUT_FILE_0}\"\n";
			showEnvVarsInLog = 0;
		};
/* End PBXShellScriptBuildPhase section */

/* Begin PBXSourcesBuildPhase section */
		A6C728B72004A953008CB860 /* Sources */ = {
			isa = PBXSourcesBuildPhase;
			buildActionMask = 2147483647;
			files = (
				A6C728DB2004BCD7008CB860 /* TestViewController.m in Sources */,
				A6C728C12004A953008CB860 /* ViewController.swift in Sources */,
				A6C728BF2004A953008CB860 /* AppDelegate.swift in Sources */,
			);
			runOnlyForDeploymentPostprocessing = 0;
		};
/* End PBXSourcesBuildPhase section */

/* Begin PBXVariantGroup section */
		A6C728C22004A953008CB860 /* Main.storyboard */ = {
			isa = PBXVariantGroup;
			children = (
				A6C728C32004A953008CB860 /* Base */,
			);
			name = Main.storyboard;
			sourceTree = "<group>";
		};
		A6C728C72004A953008CB860 /* LaunchScreen.storyboard */ = {
			isa = PBXVariantGroup;
			children = (
				A6C728C82004A953008CB860 /* Base */,
			);
			name = LaunchScreen.storyboard;
			sourceTree = "<group>";
		};
/* End PBXVariantGroup section */

/* Begin XCBuildConfiguration section */
		A6C728CB2004A953008CB860 /* Debug */ = {
			isa = XCBuildConfiguration;
			buildSettings = {
				ALWAYS_SEARCH_USER_PATHS = NO;
				CLANG_ANALYZER_NONNULL = YES;
				CLANG_ANALYZER_NUMBER_OBJECT_CONVERSION = YES_AGGRESSIVE;
				CLANG_CXX_LANGUAGE_STANDARD = "gnu++14";
				CLANG_CXX_LIBRARY = "libc++";
				CLANG_ENABLE_MODULES = YES;
				CLANG_ENABLE_OBJC_ARC = YES;
				CLANG_WARN_BLOCK_CAPTURE_AUTORELEASING = YES;
				CLANG_WARN_BOOL_CONVERSION = YES;
				CLANG_WARN_COMMA = YES;
				CLANG_WARN_CONSTANT_CONVERSION = YES;
				CLANG_WARN_DIRECT_OBJC_ISA_USAGE = YES_ERROR;
				CLANG_WARN_DOCUMENTATION_COMMENTS = YES;
				CLANG_WARN_EMPTY_BODY = YES;
				CLANG_WARN_ENUM_CONVERSION = YES;
				CLANG_WARN_INFINITE_RECURSION = YES;
				CLANG_WARN_INT_CONVERSION = YES;
				CLANG_WARN_NON_LITERAL_NULL_CONVERSION = YES;
				CLANG_WARN_OBJC_LITERAL_CONVERSION = YES;
				CLANG_WARN_OBJC_ROOT_CLASS = YES_ERROR;
				CLANG_WARN_RANGE_LOOP_ANALYSIS = YES;
				CLANG_WARN_STRICT_PROTOTYPES = YES;
				CLANG_WARN_SUSPICIOUS_MOVE = YES;
				CLANG_WARN_UNGUARDED_AVAILABILITY = YES_AGGRESSIVE;
				CLANG_WARN_UNREACHABLE_CODE = YES;
				CLANG_WARN__DUPLICATE_METHOD_MATCH = YES;
				CODE_SIGN_IDENTITY = "iPhone Developer";
				COPY_PHASE_STRIP = NO;
				DEBUG_INFORMATION_FORMAT = dwarf;
				ENABLE_STRICT_OBJC_MSGSEND = YES;
				ENABLE_TESTABILITY = YES;
				GCC_C_LANGUAGE_STANDARD = gnu11;
				GCC_DYNAMIC_NO_PIC = NO;
				GCC_NO_COMMON_BLOCKS = YES;
				GCC_OPTIMIZATION_LEVEL = 0;
				GCC_PREPROCESSOR_DEFINITIONS = (
					"DEBUG=1",
					"$(inherited)",
				);
				GCC_WARN_64_TO_32_BIT_CONVERSION = YES;
				GCC_WARN_ABOUT_RETURN_TYPE = YES_ERROR;
				GCC_WARN_UNDECLARED_SELECTOR = YES;
				GCC_WARN_UNINITIALIZED_AUTOS = YES_AGGRESSIVE;
				GCC_WARN_UNUSED_FUNCTION = YES;
				GCC_WARN_UNUSED_VARIABLE = YES;
				IPHONEOS_DEPLOYMENT_TARGET = 11.2;
				MTL_ENABLE_DEBUG_INFO = YES;
				ONLY_ACTIVE_ARCH = YES;
				SDKROOT = iphoneos;
				SWIFT_ACTIVE_COMPILATION_CONDITIONS = DEBUG;
				SWIFT_OPTIMIZATION_LEVEL = "-Onone";
			};
			name = Debug;
		};
		A6C728CC2004A953008CB860 /* Release */ = {
			isa = XCBuildConfiguration;
			buildSettings = {
				ALWAYS_SEARCH_USER_PATHS = NO;
				CLANG_ANALYZER_NONNULL = YES;
				CLANG_ANALYZER_NUMBER_OBJECT_CONVERSION = YES_AGGRESSIVE;
				CLANG_CXX_LANGUAGE_STANDARD = "gnu++14";
				CLANG_CXX_LIBRARY = "libc++";
				CLANG_ENABLE_MODULES = YES;
				CLANG_ENABLE_OBJC_ARC = YES;
				CLANG_WARN_BLOCK_CAPTURE_AUTORELEASING = YES;
				CLANG_WARN_BOOL_CONVERSION = YES;
				CLANG_WARN_COMMA = YES;
				CLANG_WARN_CONSTANT_CONVERSION = YES;
				CLANG_WARN_DIRECT_OBJC_ISA_USAGE = YES_ERROR;
				CLANG_WARN_DOCUMENTATION_COMMENTS = YES;
				CLANG_WARN_EMPTY_BODY = YES;
				CLANG_WARN_ENUM_CONVERSION = YES;
				CLANG_WARN_INFINITE_RECURSION = YES;
				CLANG_WARN_INT_CONVERSION = YES;
				CLANG_WARN_NON_LITERAL_NULL_CONVERSION = YES;
				CLANG_WARN_OBJC_LITERAL_CONVERSION = YES;
				CLANG_WARN_OBJC_ROOT_CLASS = YES_ERROR;
				CLANG_WARN_RANGE_LOOP_ANALYSIS = YES;
				CLANG_WARN_STRICT_PROTOTYPES = YES;
				CLANG_WARN_SUSPICIOUS_MOVE = YES;
				CLANG_WARN_UNGUARDED_AVAILABILITY = YES_AGGRESSIVE;
				CLANG_WARN_UNREACHABLE_CODE = YES;
				CLANG_WARN__DUPLICATE_METHOD_MATCH = YES;
				CODE_SIGN_IDENTITY = "iPhone Developer";
				COPY_PHASE_STRIP = NO;
				DEBUG_INFORMATION_FORMAT = "dwarf-with-dsym";
				ENABLE_NS_ASSERTIONS = NO;
				ENABLE_STRICT_OBJC_MSGSEND = YES;
				GCC_C_LANGUAGE_STANDARD = gnu11;
				GCC_NO_COMMON_BLOCKS = YES;
				GCC_WARN_64_TO_32_BIT_CONVERSION = YES;
				GCC_WARN_ABOUT_RETURN_TYPE = YES_ERROR;
				GCC_WARN_UNDECLARED_SELECTOR = YES;
				GCC_WARN_UNINITIALIZED_AUTOS = YES_AGGRESSIVE;
				GCC_WARN_UNUSED_FUNCTION = YES;
				GCC_WARN_UNUSED_VARIABLE = YES;
				IPHONEOS_DEPLOYMENT_TARGET = 11.2;
				MTL_ENABLE_DEBUG_INFO = NO;
				SDKROOT = iphoneos;
				SWIFT_OPTIMIZATION_LEVEL = "-Owholemodule";
				VALIDATE_PRODUCT = YES;
			};
			name = Release;
		};
		A6C728CE2004A953008CB860 /* Debug */ = {
			isa = XCBuildConfiguration;
			baseConfigurationReference = F4D60F1B92F4270EE9C02819 /* Pods-mingshang.debug.xcconfig */;
			buildSettings = {
				ASSETCATALOG_COMPILER_APPICON_NAME = AppIcon;
				CLANG_ENABLE_MODULES = YES;
				CODE_SIGN_STYLE = Automatic;
				INFOPLIST_FILE = mingshang/Info.plist;
				LD_RUNPATH_SEARCH_PATHS = "$(inherited) @executable_path/Frameworks";
				PRODUCT_BUNDLE_IDENTIFIER = cn.myserver.mingshang;
				PRODUCT_NAME = "$(TARGET_NAME)";
				SWIFT_OBJC_BRIDGING_HEADER = "mingshang/mingshang-Bridging-Header.h";
				SWIFT_OPTIMIZATION_LEVEL = "-Onone";
				SWIFT_VERSION = 4.0;
				TARGETED_DEVICE_FAMILY = "1,2";
			};
			name = Debug;
		};
		A6C728CF2004A953008CB860 /* Release */ = {
			isa = XCBuildConfiguration;
			baseConfigurationReference = D53E3B045536E48C809CF0B2 /* Pods-mingshang.release.xcconfig */;
			buildSettings = {
				ASSETCATALOG_COMPILER_APPICON_NAME = AppIcon;
				CLANG_ENABLE_MODULES = YES;
				CODE_SIGN_STYLE = Automatic;
				INFOPLIST_FILE = mingshang/Info.plist;
				LD_RUNPATH_SEARCH_PATHS = "$(inherited) @executable_path/Frameworks";
				PRODUCT_BUNDLE_IDENTIFIER = cn.myserver.mingshang;
				PRODUCT_NAME = "$(TARGET_NAME)";
				SWIFT_OBJC_BRIDGING_HEADER = "mingshang/mingshang-Bridging-Header.h";
				SWIFT_VERSION = 4.0;
				TARGETED_DEVICE_FAMILY = "1,2";
			};
			name = Release;
		};
/* End XCBuildConfiguration section */

/* Begin XCConfigurationList section */
		A6C728B62004A953008CB860 /* Build configuration list for PBXProject "mingshang" */ = {
			isa = XCConfigurationList;
			buildConfigurations = (
				A6C728CB2004A953008CB860 /* Debug */,
				A6C728CC2004A953008CB860 /* Release */,
			);
			defaultConfigurationIsVisible = 0;
			defaultConfigurationName = Release;
		};
		A6C728CD2004A953008CB860 /* Build configuration list for PBXNativeTarget "mingshang" */ = {
			isa = XCConfigurationList;
			buildConfigurations = (
				A6C728CE2004A953008CB860 /* Debug */,
				A6C728CF2004A953008CB860 /* Release */,
			);
			defaultConfigurationIsVisible = 0;
			defaultConfigurationName = Release;
		};
/* End XCConfigurationList section */
	};
	rootObject = A6C728B32004A953008CB860 /* Project object */;
}
